
Microsoft Visual Studio Solution File, Format Version 12.00
# Visual Studio Version 17
VisualStudioVersion = 17.7.34024.191
MinimumVisualStudioVersion = 10.0.40219.1
Project("{FAE04EC0-301F-11D3-BF4B-00C04F79EFBC}") = "Inlämning - Labb 1 - Grunderna i OOP", "Inlämning - Labb 1 - Grunderna i OOP\Inlämning - Labb 1 - Grunderna i OOP.csproj", "{97CB511D-5591-419F-8BBC-4DE3A3FF0279}"
EndProject
Global
	GlobalSection(SolutionConfigurationPlatforms) = preSolution
		Debug|Any CPU = Debug|Any CPU
		Release|Any CPU = Release|Any CPU
	EndGlobalSection
	GlobalSection(ProjectConfigurationPlatforms) = postSolution
		{97CB511D-5591-419F-8BBC-4DE3A3FF0279}.Debug|Any CPU.ActiveCfg = Debug|Any CPU
		{97CB511D-5591-419F-8BBC-4DE3A3FF0279}.Debug|Any CPU.Build.0 = Debug|Any CPU
		{97CB511D-5591-419F-8BBC-4DE3A3FF0279}.Release|Any CPU.ActiveCfg = Release|Any CPU
		{97CB511D-5591-419F-8BBC-4DE3A3FF0279}.Release|Any CPU.Build.0 = Release|Any CPU
	EndGlobalSection
	GlobalSection(SolutionProperties) = preSolution
		HideSolutionNode = FALSE
	EndGlobalSection
	GlobalSection(ExtensibilityGlobals) = postSolution
		SolutionGuid = {8F2A3348-2CB2-4C80-B1B6-2C4366127E05}
	EndGlobalSection
EndGlobal
